<?xml version="1.0" encoding="utf-8"?>
<Project ToolsVersion="4.0" xmlns="http://schemas.microsoft.com/developer/msbuild/2003">
  <ItemGroup>
    <Filter Include="Source Files">
      <UniqueIdentifier>{4FC737F1-C7A5-4376-A066-2A32D752A2FF}</UniqueIdentifier>
      <Extensions>cpp;c;cc;cxx;def;odl;idl;hpj;bat;asm;asmx</Extensions>
    </Filter>
    <Filter Include="Header Files">
      <UniqueIdentifier>{93995380-89BD-4b04-88EB-625FBE52EBFB}</UniqueIdentifier>
      <Extensions>h;hh;hpp;hxx;hm;inl;inc;xsd</Extensions>
    </Filter>
    <Filter Include="Resource Files">
      <UniqueIdentifier>{67DA6AB6-F800-4c08-8B7A-83BB121AAD01}</UniqueIdentifier>
      <Extensions>rc;ico;cur;bmp;dlg;rc2;rct;bin;rgs;gif;jpg;jpeg;jpe;resx;tiff;tif;png;wav;mfcribbon-ms</Extensions>
    </Filter>
    <Filter Include="Shaders">
      <UniqueIdentifier>{8b6c92a8-f65d-451e-80e3-d65773602b92}</UniqueIdentifier>
    </Filter>
    <Filter Include="Content">
      <UniqueIdentifier>{ca8d3ad5-5bf4-4bcb-b700-64d95129debd}</UniqueIdentifier>
    </Filter>
    <Filter Include="LuaBinder">
      <UniqueIdentifier>{78fe5a7a-8202-4da0-a334-740d4356b5af}</UniqueIdentifier>
    </Filter>
  </ItemGroup>
  <ItemGroup>
    <ClInclude Include="ChiliWin.h">
      <Filter>Header Files</Filter>
    </ClInclude>
    <ClInclude Include="Colors.h">
      <Filter>Header Files</Filter>
    </ClInclude>
    <ClInclude Include="DXErr.h">
      <Filter>Header Files</Filter>
    </ClInclude>
    <ClInclude Include="Game.h">
      <Filter>Header Files</Filter>
    </ClInclude>
    <ClInclude Include="Graphics.h">
      <Filter>Header Files</Filter>
    </ClInclude>
    <ClInclude Include="Keyboard.h">
      <Filter>Header Files</Filter>
    </ClInclude>
    <ClInclude Include="MainWindow.h">
      <Filter>Header Files</Filter>
    </ClInclude>
    <ClInclude Include="Mouse.h">
      <Filter>Header Files</Filter>
    </ClInclude>
    <ClInclude Include="ChiliException.h">
      <Filter>Header Files</Filter>
    </ClInclude>
    <ClInclude Include="Resource.h">
      <Filter>Header Files</Filter>
    </ClInclude>
    <ClInclude Include="Textures.h">
      <Filter>Header Files</Filter>
    </ClInclude>
    <ClInclude Include="Pixel.h">
      <Filter>Header Files</Filter>
    </ClInclude>
    <ClInclude Include="Element.h">
      <Filter>Header Files</Filter>
    </ClInclude>
    <ClInclude Include="Menu.h">
      <Filter>Header Files</Filter>
    </ClInclude>
    <ClInclude Include="MenuElement.h">
      <Filter>Header Files</Filter>
    </ClInclude>
    <ClInclude Include="MenuScene.h">
      <Filter>Header Files</Filter>
    </ClInclude>
    <ClInclude Include="Player.h">
      <Filter>Header Files</Filter>
    </ClInclude>
    <ClInclude Include="Sprite.h">
      <Filter>Header Files</Filter>
    </ClInclude>
    <ClInclude Include="Level.h">
      <Filter>Header Files</Filter>
    </ClInclude>
    <ClInclude Include="Tile.h">
      <Filter>Header Files</Filter>
    </ClInclude>
    <ClInclude Include="Entity.h">
      <Filter>Header Files</Filter>
    </ClInclude>
    <ClInclude Include="Constants.h">
      <Filter>Header Files</Filter>
    </ClInclude>
    <ClInclude Include="Functions.h">
      <Filter>Header Files</Filter>
    </ClInclude>
    <ClInclude Include="AI.h">
      <Filter>Header Files</Filter>
    </ClInclude>
    <ClInclude Include="Shooter.h">
      <Filter>Header Files</Filter>
    </ClInclude>
    <ClInclude Include="Item.h">
      <Filter>Header Files</Filter>
    </ClInclude>
    <ClInclude Include="Crate.h">
      <Filter>Header Files</Filter>
    </ClInclude>
    <ClInclude Include="PressurePlate.h">
      <Filter>Header Files</Filter>
    </ClInclude>
    <ClInclude Include="Lamp.h">
      <Filter>Header Files</Filter>
    </ClInclude>
    <ClInclude Include="Wire.h">
      <Filter>Header Files</Filter>
    </ClInclude>
    <ClInclude Include="Door.h">
      <Filter>Header Files</Filter>
    </ClInclude>
    <ClInclude Include="Barbarian.h">
      <Filter>Header Files</Filter>
    </ClInclude>
    <ClInclude Include="ScreenAnimations.h">
      <Filter>Header Files</Filter>
    </ClInclude>
    <ClInclude Include="Particle.h">
      <Filter>Header Files</Filter>
    </ClInclude>
    <ClInclude Include="Sign.h">
      <Filter>Header Files</Filter>
    </ClInclude>
    <ClInclude Include="Font.h">
      <Filter>Header Files</Filter>
    </ClInclude>
    <ClInclude Include="KeyBindings.h">
      <Filter>Header Files</Filter>
    </ClInclude>
    <ClInclude Include="Keys.h">
      <Filter>Header Files</Filter>
    </ClInclude>
    <ClInclude Include="Minimap.h">
      <Filter>Header Files</Filter>
    </ClInclude>
    <ClInclude Include="UserData.h">
      <Filter>Header Files</Filter>
    </ClInclude>
    <ClInclude Include="Settings.h">
      <Filter>Header Files</Filter>
    </ClInclude>
    <ClInclude Include="Wizard.h">
      <Filter>Header Files</Filter>
    </ClInclude>
    <ClInclude Include="StatusEffects.h">
      <Filter>Header Files</Filter>
    </ClInclude>
    <ClInclude Include="Paladin.h">
      <Filter>Header Files</Filter>
    </ClInclude>
    <ClInclude Include="Zombie.h">
      <Filter>Header Files</Filter>
    </ClInclude>
    <ClInclude Include="Lich.h">
      <Filter>Header Files</Filter>
    </ClInclude>
    <ClInclude Include="GlobalData.h">
      <Filter>Header Files</Filter>
    </ClInclude>
    <ClInclude Include="Command.h">
      <Filter>Header Files</Filter>
    </ClInclude>
    <ClInclude Include="HealthMap.h">
      <Filter>Header Files</Filter>
    </ClInclude>
    <ClInclude Include="Wraith.h">
      <Filter>Header Files</Filter>
    </ClInclude>
    <ClInclude Include="LevelData.h">
      <Filter>Header Files</Filter>
    </ClInclude>
    <ClInclude Include="SaveData.h">
      <Filter>Header Files</Filter>
    </ClInclude>
    <ClInclude Include="Portal.h">
      <Filter>Header Files</Filter>
    </ClInclude>
    <ClInclude Include="GameTime.h">
      <Filter>Header Files</Filter>
    </ClInclude>
    <ClInclude Include="GameMessage.h">
      <Filter>Header Files</Filter>
    </ClInclude>
    <ClInclude Include="HelperStructs.h">
      <Filter>Header Files</Filter>
    </ClInclude>
    <ClInclude Include="LevelMessage.h">
      <Filter>Header Files</Filter>
    </ClInclude>
    <ClInclude Include="Animation.h">
      <Filter>Header Files</Filter>
    </ClInclude>
    <ClInclude Include="SpriteSelection.h">
      <Filter>Header Files</Filter>
    </ClInclude>
    <ClInclude Include="Lua\lapi.h">
      <Filter>LuaBinder</Filter>
    </ClInclude>
    <ClInclude Include="Lua\lauxlib.h">
      <Filter>LuaBinder</Filter>
    </ClInclude>
    <ClInclude Include="Lua\lcode.h">
      <Filter>LuaBinder</Filter>
    </ClInclude>
    <ClInclude Include="Lua\lctype.h">
      <Filter>LuaBinder</Filter>
    </ClInclude>
    <ClInclude Include="Lua\ldebug.h">
      <Filter>LuaBinder</Filter>
    </ClInclude>
    <ClInclude Include="Lua\ldo.h">
      <Filter>LuaBinder</Filter>
    </ClInclude>
    <ClInclude Include="Lua\lfunc.h">
      <Filter>LuaBinder</Filter>
    </ClInclude>
    <ClInclude Include="Lua\lgc.h">
      <Filter>LuaBinder</Filter>
    </ClInclude>
    <ClInclude Include="Lua\llex.h">
      <Filter>LuaBinder</Filter>
    </ClInclude>
    <ClInclude Include="Lua\llimits.h">
      <Filter>LuaBinder</Filter>
    </ClInclude>
    <ClInclude Include="Lua\lmem.h">
      <Filter>LuaBinder</Filter>
    </ClInclude>
    <ClInclude Include="Lua\lobject.h">
      <Filter>LuaBinder</Filter>
    </ClInclude>
    <ClInclude Include="Lua\lopcodes.h">
      <Filter>LuaBinder</Filter>
    </ClInclude>
    <ClInclude Include="Lua\lparser.h">
      <Filter>LuaBinder</Filter>
    </ClInclude>
    <ClInclude Include="Lua\lprefix.h">
      <Filter>LuaBinder</Filter>
    </ClInclude>
    <ClInclude Include="Lua\lstate.h">
      <Filter>LuaBinder</Filter>
    </ClInclude>
    <ClInclude Include="Lua\lstring.h">
      <Filter>LuaBinder</Filter>
    </ClInclude>
    <ClInclude Include="Lua\ltable.h">
      <Filter>LuaBinder</Filter>
    </ClInclude>
    <ClInclude Include="Lua\ltm.h">
      <Filter>LuaBinder</Filter>
    </ClInclude>
    <ClInclude Include="Lua\lua.hpp">
      <Filter>LuaBinder</Filter>
    </ClInclude>
    <ClInclude Include="Lua\luaconf.h">
      <Filter>LuaBinder</Filter>
    </ClInclude>
    <ClInclude Include="Lua\lualib.h">
      <Filter>LuaBinder</Filter>
    </ClInclude>
    <ClInclude Include="Lua\lundump.h">
      <Filter>LuaBinder</Filter>
    </ClInclude>
    <ClInclude Include="Lua\lvm.h">
      <Filter>LuaBinder</Filter>
    </ClInclude>
    <ClInclude Include="Lua\lzio.h">
      <Filter>LuaBinder</Filter>
    </ClInclude>
    <ClInclude Include="Sol.hpp">
      <Filter>Header Files</Filter>
    </ClInclude>
    <ClInclude Include="LevelObject.h">
      <Filter>Header Files</Filter>
    </ClInclude>
    <ClInclude Include="ConversionMaps.h">
      <Filter>Header Files</Filter>
    </ClInclude>
    <ClInclude Include="LevelStateData.h">
      <Filter>Header Files</Filter>
    </ClInclude>
    <ClInclude Include="json.hpp">
      <Filter>Header Files</Filter>
    </ClInclude>
    <ClInclude Include="Navigation.h">
      <Filter>Header Files</Filter>
    </ClInclude>
    <ClInclude Include="Matrix.h">
      <Filter>Header Files</Filter>
    </ClInclude>
    <ClInclude Include="LevelConsole.h">
      <Filter>Header Files</Filter>
    </ClInclude>
  </ItemGroup>
  <ItemGroup>
    <ClCompile Include="DXErr.cpp">
      <Filter>Source Files</Filter>
    </ClCompile>
    <ClCompile Include="Graphics.cpp">
      <Filter>Source Files</Filter>
    </ClCompile>
    <ClCompile Include="Keyboard.cpp">
      <Filter>Source Files</Filter>
    </ClCompile>
    <ClCompile Include="Main.cpp">
      <Filter>Source Files</Filter>
    </ClCompile>
    <ClCompile Include="MainWindow.cpp">
      <Filter>Source Files</Filter>
    </ClCompile>
    <ClCompile Include="Mouse.cpp">
      <Filter>Source Files</Filter>
    </ClCompile>
    <ClCompile Include="Pixel.cpp">
      <Filter>Source Files</Filter>
    </ClCompile>
    <ClCompile Include="Textures.cpp">
      <Filter>Source Files</Filter>
    </ClCompile>
    <ClCompile Include="Menu.cpp">
      <Filter>Source Files</Filter>
    </ClCompile>
    <ClCompile Include="MenuElement.cpp">
      <Filter>Source Files</Filter>
    </ClCompile>
    <ClCompile Include="MenuScene.cpp">
      <Filter>Source Files</Filter>
    </ClCompile>
    <ClCompile Include="Sprite.cpp">
      <Filter>Source Files</Filter>
    </ClCompile>
    <ClCompile Include="Tile.cpp">
      <Filter>Source Files</Filter>
    </ClCompile>
    <ClCompile Include="Level.cpp">
      <Filter>Source Files</Filter>
    </ClCompile>
    <ClCompile Include="Player.cpp">
      <Filter>Source Files</Filter>
    </ClCompile>
    <ClCompile Include="Entity.cpp">
      <Filter>Source Files</Filter>
    </ClCompile>
    <ClCompile Include="Functions.cpp">
      <Filter>Source Files</Filter>
    </ClCompile>
    <ClCompile Include="Shooter.cpp">
      <Filter>Source Files</Filter>
    </ClCompile>
    <ClCompile Include="Item.cpp">
      <Filter>Source Files</Filter>
    </ClCompile>
    <ClCompile Include="Crate.cpp">
      <Filter>Source Files</Filter>
    </ClCompile>
    <ClCompile Include="PressurePlate.cpp">
      <Filter>Source Files</Filter>
    </ClCompile>
    <ClCompile Include="Lamp.cpp">
      <Filter>Source Files</Filter>
    </ClCompile>
    <ClCompile Include="Wire.cpp">
      <Filter>Source Files</Filter>
    </ClCompile>
    <ClCompile Include="Door.cpp">
      <Filter>Source Files</Filter>
    </ClCompile>
    <ClCompile Include="Barbarian.cpp">
      <Filter>Source Files</Filter>
    </ClCompile>
    <ClCompile Include="ScreenAnimations.cpp">
      <Filter>Source Files</Filter>
    </ClCompile>
    <ClCompile Include="Particle.cpp">
      <Filter>Source Files</Filter>
    </ClCompile>
    <ClCompile Include="Sign.cpp">
      <Filter>Source Files</Filter>
    </ClCompile>
    <ClCompile Include="Font.cpp">
      <Filter>Source Files</Filter>
    </ClCompile>
    <ClCompile Include="Minimap.cpp">
      <Filter>Source Files</Filter>
    </ClCompile>
    <ClCompile Include="Wizard.cpp">
      <Filter>Source Files</Filter>
    </ClCompile>
    <ClCompile Include="StatusEffects.cpp">
      <Filter>Source Files</Filter>
    </ClCompile>
    <ClCompile Include="Paladin.cpp">
      <Filter>Source Files</Filter>
    </ClCompile>
    <ClCompile Include="Zombie.cpp">
      <Filter>Source Files</Filter>
    </ClCompile>
    <ClCompile Include="Lich.cpp">
      <Filter>Source Files</Filter>
    </ClCompile>
    <ClCompile Include="HealthMap.cpp">
      <Filter>Source Files</Filter>
    </ClCompile>
    <ClCompile Include="Wraith.cpp">
      <Filter>Source Files</Filter>
    </ClCompile>
    <ClCompile Include="Game_menu.cpp">
      <Filter>Source Files</Filter>
    </ClCompile>
    <ClCompile Include="Game_level.cpp">
      <Filter>Source Files</Filter>
    </ClCompile>
    <ClCompile Include="Game_main.cpp">
      <Filter>Source Files</Filter>
    </ClCompile>
    <ClCompile Include="LevelData.cpp">
      <Filter>Source Files</Filter>
    </ClCompile>
    <ClCompile Include="Portal.cpp">
      <Filter>Source Files</Filter>
    </ClCompile>
    <ClCompile Include="SaveData.cpp">
      <Filter>Source Files</Filter>
    </ClCompile>
    <ClCompile Include="GameTime.cpp">
      <Filter>Source Files</Filter>
    </ClCompile>
    <ClCompile Include="Graphics_screen.cpp">
      <Filter>Source Files</Filter>
    </ClCompile>
    <ClCompile Include="Animation.cpp">
      <Filter>Source Files</Filter>
    </ClCompile>
    <ClCompile Include="SpriteSelection.cpp">
      <Filter>Source Files</Filter>
    </ClCompile>
    <ClCompile Include="Lua\lapi.c">
      <Filter>LuaBinder</Filter>
    </ClCompile>
    <ClCompile Include="Lua\lauxlib.c">
      <Filter>LuaBinder</Filter>
    </ClCompile>
    <ClCompile Include="Lua\lbaselib.c">
      <Filter>LuaBinder</Filter>
    </ClCompile>
    <ClCompile Include="Lua\lbitlib.c">
      <Filter>LuaBinder</Filter>
    </ClCompile>
    <ClCompile Include="Lua\lcode.c">
      <Filter>LuaBinder</Filter>
    </ClCompile>
    <ClCompile Include="Lua\lcorolib.c">
      <Filter>LuaBinder</Filter>
    </ClCompile>
    <ClCompile Include="Lua\lctype.c">
      <Filter>LuaBinder</Filter>
    </ClCompile>
    <ClCompile Include="Lua\ldblib.c">
      <Filter>LuaBinder</Filter>
    </ClCompile>
    <ClCompile Include="Lua\ldebug.c">
      <Filter>LuaBinder</Filter>
    </ClCompile>
    <ClCompile Include="Lua\ldo.c">
      <Filter>LuaBinder</Filter>
    </ClCompile>
    <ClCompile Include="Lua\ldump.c">
      <Filter>LuaBinder</Filter>
    </ClCompile>
    <ClCompile Include="Lua\lfunc.c">
      <Filter>LuaBinder</Filter>
    </ClCompile>
    <ClCompile Include="Lua\lgc.c">
      <Filter>LuaBinder</Filter>
    </ClCompile>
    <ClCompile Include="Lua\linit.c">
      <Filter>LuaBinder</Filter>
    </ClCompile>
    <ClCompile Include="Lua\liolib.c">
      <Filter>LuaBinder</Filter>
    </ClCompile>
    <ClCompile Include="Lua\llex.c">
      <Filter>LuaBinder</Filter>
    </ClCompile>
    <ClCompile Include="Lua\lmathlib.c">
      <Filter>LuaBinder</Filter>
    </ClCompile>
    <ClCompile Include="Lua\lmem.c">
      <Filter>LuaBinder</Filter>
    </ClCompile>
    <ClCompile Include="Lua\loadlib.c">
      <Filter>LuaBinder</Filter>
    </ClCompile>
    <ClCompile Include="Lua\lobject.c">
      <Filter>LuaBinder</Filter>
    </ClCompile>
    <ClCompile Include="Lua\lopcodes.c">
      <Filter>LuaBinder</Filter>
    </ClCompile>
    <ClCompile Include="Lua\loslib.c">
      <Filter>LuaBinder</Filter>
    </ClCompile>
    <ClCompile Include="Lua\lparser.c">
      <Filter>LuaBinder</Filter>
    </ClCompile>
    <ClCompile Include="Lua\lstate.c">
      <Filter>LuaBinder</Filter>
    </ClCompile>
    <ClCompile Include="Lua\lstring.c">
      <Filter>LuaBinder</Filter>
    </ClCompile>
    <ClCompile Include="Lua\lstrlib.c">
      <Filter>LuaBinder</Filter>
    </ClCompile>
    <ClCompile Include="Lua\ltable.c">
      <Filter>LuaBinder</Filter>
    </ClCompile>
    <ClCompile Include="Lua\ltablib.c">
      <Filter>LuaBinder</Filter>
    </ClCompile>
    <ClCompile Include="Lua\ltm.c">
      <Filter>LuaBinder</Filter>
    </ClCompile>
    <ClCompile Include="Lua\lundump.c">
      <Filter>LuaBinder</Filter>
    </ClCompile>
    <ClCompile Include="Lua\lutf8lib.c">
      <Filter>LuaBinder</Filter>
    </ClCompile>
    <ClCompile Include="Lua\lvm.c">
      <Filter>LuaBinder</Filter>
    </ClCompile>
    <ClCompile Include="Lua\lzio.c">
      <Filter>LuaBinder</Filter>
    </ClCompile>
    <ClCompile Include="LevelObject.cpp">
      <Filter>Source Files</Filter>
    </ClCompile>
    <ClCompile Include="LevelStateData.cpp">
      <Filter>Source Files</Filter>
    </ClCompile>
    <ClCompile Include="Navigation.cpp">
      <Filter>Source Files</Filter>
    </ClCompile>
    <ClCompile Include="Keys.cpp">
      <Filter>Source Files</Filter>
    </ClCompile>
  </ItemGroup>
  <ItemGroup>
    <FxCompile Include="FramebufferPS.hlsl">
      <Filter>Shaders</Filter>
    </FxCompile>
    <FxCompile Include="FramebufferVS.hlsl">
      <Filter>Shaders</Filter>
    </FxCompile>
  </ItemGroup>
  <ItemGroup>
    <ResourceCompile Include="Resource.rc">
      <Filter>Resource Files</Filter>
    </ResourceCompile>
  </ItemGroup>
  <ItemGroup>
    <Image Include="Chili.ico">
      <Filter>Resource Files</Filter>
    </Image>
  </ItemGroup>
  <ItemGroup>
    <Text Include="Brick.txt">
      <Filter>Content</Filter>
    </Text>
    <Text Include="Textures.txt">
      <Filter>Content</Filter>
    </Text>
  </ItemGroup>
  <ItemGroup>
    <None Include="Content\User\config.json" />
  </ItemGroup>
</Project>